{
  "name": "test-todoer",
  "version": "1.0.0",
  "lockfileVersion": 3,
  "requires": true,
  "packages": {
    "": {
      "name": "test-todoer",
      "version": "1.0.0",
      "license": "ISC",
      "dependencies": {
        "test-todoer": "file:",
        "todoer": "^0.1.0"
      }
    },
    "node_modules/test-todoer": {
      "resolved": "",
      "link": true
    }
  }
}
